
Microsoft Visual Studio Solution File, Format Version 12.00
# Visual Studio Version 17
VisualStudioVersion = 17.13.35825.156
MinimumVisualStudioVersion = 10.0.40219.1
Project("{FAE04EC0-301F-11D3-BF4B-00C04F79EFBC}") = "InventorySystem", "InventorySystem\InventorySystem.csproj", "{6F9C3653-FAE8-4383-9B08-579A5144799E}"
EndProject
Project("{FAE04EC0-301F-11D3-BF4B-00C04F79EFBC}") = "InventarySystem.DataAccess", "InventarySystem.DataAccess\InventarySystem.DataAccess.csproj", "{85086F48-D0BB-4E50-8100-3880EF3DFD6A}"
EndProject
Project("{FAE04EC0-301F-11D3-BF4B-00C04F79EFBC}") = "InventarySystem.Models", "InventarySystem.Models\InventarySystem.Models.csproj", "{ED2A385A-9EB0-4E6E-837A-C51DCD86AF03}"
EndProject
Project("{FAE04EC0-301F-11D3-BF4B-00C04F79EFBC}") = "InventarySystem.Utilities", "InventarySystem.Utilities\InventarySystem.Utilities.csproj", "{D4470060-DAF7-4704-A443-668FDD1F0787}"
EndProject
Global
	GlobalSection(SolutionConfigurationPlatforms) = preSolution
		Debug|Any CPU = Debug|Any CPU
		Release|Any CPU = Release|Any CPU
	EndGlobalSection
	GlobalSection(ProjectConfigurationPlatforms) = postSolution
		{6F9C3653-FAE8-4383-9B08-579A5144799E}.Debug|Any CPU.ActiveCfg = Debug|Any CPU
		{6F9C3653-FAE8-4383-9B08-579A5144799E}.Debug|Any CPU.Build.0 = Debug|Any CPU
		{6F9C3653-FAE8-4383-9B08-579A5144799E}.Release|Any CPU.ActiveCfg = Release|Any CPU
		{6F9C3653-FAE8-4383-9B08-579A5144799E}.Release|Any CPU.Build.0 = Release|Any CPU
		{85086F48-D0BB-4E50-8100-3880EF3DFD6A}.Debug|Any CPU.ActiveCfg = Debug|Any CPU
		{85086F48-D0BB-4E50-8100-3880EF3DFD6A}.Debug|Any CPU.Build.0 = Debug|Any CPU
		{85086F48-D0BB-4E50-8100-3880EF3DFD6A}.Release|Any CPU.ActiveCfg = Release|Any CPU
		{85086F48-D0BB-4E50-8100-3880EF3DFD6A}.Release|Any CPU.Build.0 = Release|Any CPU
		{ED2A385A-9EB0-4E6E-837A-C51DCD86AF03}.Debug|Any CPU.ActiveCfg = Debug|Any CPU
		{ED2A385A-9EB0-4E6E-837A-C51DCD86AF03}.Debug|Any CPU.Build.0 = Debug|Any CPU
		{ED2A385A-9EB0-4E6E-837A-C51DCD86AF03}.Release|Any CPU.ActiveCfg = Release|Any CPU
		{ED2A385A-9EB0-4E6E-837A-C51DCD86AF03}.Release|Any CPU.Build.0 = Release|Any CPU
		{D4470060-DAF7-4704-A443-668FDD1F0787}.Debug|Any CPU.ActiveCfg = Debug|Any CPU
		{D4470060-DAF7-4704-A443-668FDD1F0787}.Debug|Any CPU.Build.0 = Debug|Any CPU
		{D4470060-DAF7-4704-A443-668FDD1F0787}.Release|Any CPU.ActiveCfg = Release|Any CPU
		{D4470060-DAF7-4704-A443-668FDD1F0787}.Release|Any CPU.Build.0 = Release|Any CPU
	EndGlobalSection
	GlobalSection(SolutionProperties) = preSolution
		HideSolutionNode = FALSE
	EndGlobalSection
	GlobalSection(ExtensibilityGlobals) = postSolution
		SolutionGuid = {59AADB27-AA88-484F-B1BD-0E2B3E1F63B8}
	EndGlobalSection
EndGlobal
